hash: 143a70d6b1684ca91f24e39aebb9be3e5e0c276ee03b67422c4661f89842eb8d
updated: 2017-03-07T23:52:09.473215212+09:00
imports:
- name: github.com/ChimeraCoder/gojson
  version: 6039f74e19c1090f88a75f74700b72e539717a22
- name: github.com/golang/glog
  version: 23def4e6c14b4da8ac2ed8007337bc5eb5007998
testImports: []
